
Microsoft Visual Studio Solution File, Format Version 12.00
# Visual Studio Version 16
VisualStudioVersion = 16.0.31320.298
MinimumVisualStudioVersion = 10.0.40219.1
Project("{FAE04EC0-301F-11D3-BF4B-00C04F79EFBC}") = "ArchiveHuff", "ArchiveHuff\ArchiveHuff.csproj", "{B3A13159-5555-41B6-B06E-1517528F78A2}"
EndProject
Global
	GlobalSection(SolutionConfigurationPlatforms) = preSolution
		Debug|Any CPU = Debug|Any CPU
		Release|Any CPU = Release|Any CPU
	EndGlobalSection
	GlobalSection(ProjectConfigurationPlatforms) = postSolution
		{B3A13159-5555-41B6-B06E-1517528F78A2}.Debug|Any CPU.ActiveCfg = Debug|Any CPU
		{B3A13159-5555-41B6-B06E-1517528F78A2}.Debug|Any CPU.Build.0 = Debug|Any CPU
		{B3A13159-5555-41B6-B06E-1517528F78A2}.Release|Any CPU.ActiveCfg = Release|Any CPU
		{B3A13159-5555-41B6-B06E-1517528F78A2}.Release|Any CPU.Build.0 = Release|Any CPU
	EndGlobalSection
	GlobalSection(SolutionProperties) = preSolution
		HideSolutionNode = FALSE
	EndGlobalSection
	GlobalSection(ExtensibilityGlobals) = postSolution
		SolutionGuid = {FA4FEC5E-1B17-42A2-9F84-D6DCC909D520}
	EndGlobalSection
EndGlobal
